<?xml version="1.0" encoding="utf-8"?>
<Project ToolsVersion="4.0" xmlns="http://schemas.microsoft.com/developer/msbuild/2003">
  <ItemGroup>
    <Filter Include="Source Files">
      <UniqueIdentifier>{4FC737F1-C7A5-4376-A066-2A32D752A2FF}</UniqueIdentifier>
      <Extensions>cpp;c;cc;cxx;def;odl;idl;hpj;bat;asm;asmx</Extensions>
    </Filter>
    <Filter Include="Header Files">
      <UniqueIdentifier>{93995380-89BD-4b04-88EB-625FBE52EBFB}</UniqueIdentifier>
      <Extensions>h;hpp;hxx;hm;inl;inc;xsd</Extensions>
    </Filter>
    <Filter Include="Resource Files">
      <UniqueIdentifier>{67DA6AB6-F800-4c08-8B7A-83BB121AAD01}</UniqueIdentifier>
      <Extensions>rc;ico;cur;bmp;dlg;rc2;rct;bin;rgs;gif;jpg;jpeg;jpe;resx;tiff;tif;png;wav</Extensions>
    </Filter>
  </ItemGroup>
  <ItemGroup>
    <ClCompile Include="_precompile.cpp">
      <Filter>Source Files</Filter>
    </ClCompile>
    <ClCompile Include="CvArea.cpp">
      <Filter>Source Files</Filter>
    </ClCompile>
    <ClCompile Include="CvArtFileMgr.cpp">
      <Filter>Source Files</Filter>
    </ClCompile>
    <ClCompile Include="CvCity.cpp">
      <Filter>Source Files</Filter>
    </ClCompile>
    <ClCompile Include="CvCityAI.cpp">
      <Filter>Source Files</Filter>
    </ClCompile>
    <ClCompile Include="CvDeal.cpp">
      <Filter>Source Files</Filter>
    </ClCompile>
    <ClCompile Include="CvDiploParameters.cpp">
      <Filter>Source Files</Filter>
    </ClCompile>
    <ClCompile Include="CvDLLButtonPopup.cpp">
      <Filter>Source Files</Filter>
    </ClCompile>
    <ClCompile Include="CvDLLEntity.cpp">
      <Filter>Source Files</Filter>
    </ClCompile>
    <ClCompile Include="CvDLLPython.cpp">
      <Filter>Source Files</Filter>
    </ClCompile>
    <ClCompile Include="CvDllPythonEvents.cpp">
      <Filter>Source Files</Filter>
    </ClCompile>
    <ClCompile Include="CvDllTranslator.cpp">
      <Filter>Source Files</Filter>
    </ClCompile>
    <ClCompile Include="CvDLLWidgetData.cpp">
      <Filter>Source Files</Filter>
    </ClCompile>
    <ClCompile Include="CvEventReporter.cpp">
      <Filter>Source Files</Filter>
    </ClCompile>
    <ClCompile Include="CvFractal.cpp">
      <Filter>Source Files</Filter>
    </ClCompile>
    <ClCompile Include="CvGame.cpp">
      <Filter>Source Files</Filter>
    </ClCompile>
    <ClCompile Include="CvGameAI.cpp">
      <Filter>Source Files</Filter>
    </ClCompile>
    <ClCompile Include="CvGameCoreDLL.cpp">
      <Filter>Source Files</Filter>
    </ClCompile>
    <ClCompile Include="CvGameCoreUtils.cpp">
      <Filter>Source Files</Filter>
    </ClCompile>
    <ClCompile Include="CvGameInterface.cpp">
      <Filter>Source Files</Filter>
    </ClCompile>
    <ClCompile Include="CvGameTextMgr.cpp">
      <Filter>Source Files</Filter>
    </ClCompile>
    <ClCompile Include="CvGlobals.cpp">
      <Filter>Source Files</Filter>
    </ClCompile>
    <ClCompile Include="CvHallOfFameInfo.cpp">
      <Filter>Source Files</Filter>
    </ClCompile>
    <ClCompile Include="CvInfos.cpp">
      <Filter>Source Files</Filter>
    </ClCompile>
    <ClCompile Include="CvInfoWater.cpp">
      <Filter>Source Files</Filter>
    </ClCompile>
    <ClCompile Include="CvInitCore.cpp">
      <Filter>Source Files</Filter>
    </ClCompile>
    <ClCompile Include="CvMap.cpp">
      <Filter>Source Files</Filter>
    </ClCompile>
    <ClCompile Include="CvMapGenerator.cpp">
      <Filter>Source Files</Filter>
    </ClCompile>
    <ClCompile Include="CvMessageControl.cpp">
      <Filter>Source Files</Filter>
    </ClCompile>
    <ClCompile Include="CvMessageData.cpp">
      <Filter>Source Files</Filter>
    </ClCompile>
    <ClCompile Include="CvPlayer.cpp">
      <Filter>Source Files</Filter>
    </ClCompile>
    <ClCompile Include="CvPlayerAI.cpp">
      <Filter>Source Files</Filter>
    </ClCompile>
    <ClCompile Include="CvPlot.cpp">
      <Filter>Source Files</Filter>
    </ClCompile>
    <ClCompile Include="CvPlotGroup.cpp">
      <Filter>Source Files</Filter>
    </ClCompile>
    <ClCompile Include="CvPopupInfo.cpp">
      <Filter>Source Files</Filter>
    </ClCompile>
    <ClCompile Include="CvPopupReturn.cpp">
      <Filter>Source Files</Filter>
    </ClCompile>
    <ClCompile Include="CvRandom.cpp">
      <Filter>Source Files</Filter>
    </ClCompile>
    <ClCompile Include="CvReplayInfo.cpp">
      <Filter>Source Files</Filter>
    </ClCompile>
    <ClCompile Include="CvReplayMessage.cpp">
      <Filter>Source Files</Filter>
    </ClCompile>
    <ClCompile Include="CvSelectionGroup.cpp">
      <Filter>Source Files</Filter>
    </ClCompile>
    <ClCompile Include="CvSelectionGroupAI.cpp">
      <Filter>Source Files</Filter>
    </ClCompile>
    <ClCompile Include="CvStatistics.cpp">
      <Filter>Source Files</Filter>
    </ClCompile>
    <ClCompile Include="CvStructs.cpp">
      <Filter>Source Files</Filter>
    </ClCompile>
    <ClCompile Include="CvTalkingHeadMessage.cpp">
      <Filter>Source Files</Filter>
    </ClCompile>
    <ClCompile Include="CvTeam.cpp">
      <Filter>Source Files</Filter>
    </ClCompile>
    <ClCompile Include="CvTeamAI.cpp">
      <Filter>Source Files</Filter>
    </ClCompile>
    <ClCompile Include="CvUnit.cpp">
      <Filter>Source Files</Filter>
    </ClCompile>
    <ClCompile Include="CvUnitAI.cpp">
      <Filter>Source Files</Filter>
    </ClCompile>
    <ClCompile Include="CvXMLLoadUtility.cpp">
      <Filter>Source Files</Filter>
    </ClCompile>
    <ClCompile Include="CvXMLLoadUtilityGet.cpp">
      <Filter>Source Files</Filter>
    </ClCompile>
    <ClCompile Include="CvXMLLoadUtilityInit.cpp">
      <Filter>Source Files</Filter>
    </ClCompile>
    <ClCompile Include="CvXMLLoadUtilitySet.cpp">
      <Filter>Source Files</Filter>
    </ClCompile>
    <ClCompile Include="CyArea.cpp">
      <Filter>Source Files</Filter>
    </ClCompile>
    <ClCompile Include="CyAreaInterface.cpp">
      <Filter>Source Files</Filter>
    </ClCompile>
    <ClCompile Include="CyArgsList.cpp">
      <Filter>Source Files</Filter>
    </ClCompile>
    <ClCompile Include="CyArtFileMgr.cpp">
      <Filter>Source Files</Filter>
    </ClCompile>
    <ClCompile Include="CyArtFileMgrInterface.cpp">
      <Filter>Source Files</Filter>
    </ClCompile>
    <ClCompile Include="CyCity.cpp">
      <Filter>Source Files</Filter>
    </ClCompile>
    <ClCompile Include="CyCityInterface1.cpp">
      <Filter>Source Files</Filter>
    </ClCompile>
    <ClCompile Include="CyDeal.cpp">
      <Filter>Source Files</Filter>
    </ClCompile>
    <ClCompile Include="CyEnumsInterface.cpp">
      <Filter>Source Files</Filter>
    </ClCompile>
    <ClCompile Include="CyGame.cpp">
      <Filter>Source Files</Filter>
    </ClCompile>
    <ClCompile Include="CyGameCoreUtils.cpp">
      <Filter>Source Files</Filter>
    </ClCompile>
    <ClCompile Include="CyGameCoreUtilsInterface.cpp">
      <Filter>Source Files</Filter>
    </ClCompile>
    <ClCompile Include="CyGameInterface.cpp">
      <Filter>Source Files</Filter>
    </ClCompile>
    <ClCompile Include="CyGameTextMgr.cpp">
      <Filter>Source Files</Filter>
    </ClCompile>
    <ClCompile Include="CyGameTextMgrInterface.cpp">
      <Filter>Source Files</Filter>
    </ClCompile>
    <ClCompile Include="CyGlobalContext.cpp">
      <Filter>Source Files</Filter>
    </ClCompile>
    <ClCompile Include="CyGlobalContextInterface1.cpp">
      <Filter>Source Files</Filter>
    </ClCompile>
    <ClCompile Include="CyGlobalContextInterface2.cpp">
      <Filter>Source Files</Filter>
    </ClCompile>
    <ClCompile Include="CyGlobalContextInterface3.cpp">
      <Filter>Source Files</Filter>
    </ClCompile>
    <ClCompile Include="CyGlobalContextInterface4.cpp">
      <Filter>Source Files</Filter>
    </ClCompile>
    <ClCompile Include="CyHallOfFameInfo.cpp">
      <Filter>Source Files</Filter>
    </ClCompile>
    <ClCompile Include="CyHallOfFameInterface.cpp">
      <Filter>Source Files</Filter>
    </ClCompile>
    <ClCompile Include="CyInfoInterface1.cpp">
      <Filter>Source Files</Filter>
    </ClCompile>
    <ClCompile Include="CyInfoInterface2.cpp">
      <Filter>Source Files</Filter>
    </ClCompile>
    <ClCompile Include="CyInfoInterface3.cpp">
      <Filter>Source Files</Filter>
    </ClCompile>
    <ClCompile Include="CyMap.cpp">
      <Filter>Source Files</Filter>
    </ClCompile>
    <ClCompile Include="CyMapGenerator.cpp">
      <Filter>Source Files</Filter>
    </ClCompile>
    <ClCompile Include="CyMapGeneratorInterface.cpp">
      <Filter>Source Files</Filter>
    </ClCompile>
    <ClCompile Include="CyMapInterface.cpp">
      <Filter>Source Files</Filter>
    </ClCompile>
    <ClCompile Include="CyMessageControl.cpp">
      <Filter>Source Files</Filter>
    </ClCompile>
    <ClCompile Include="CyMessageControlInterface.cpp">
      <Filter>Source Files</Filter>
    </ClCompile>
    <ClCompile Include="CyPlayer.cpp">
      <Filter>Source Files</Filter>
    </ClCompile>
    <ClCompile Include="CyPlayerInterface1.cpp">
      <Filter>Source Files</Filter>
    </ClCompile>
    <ClCompile Include="CyPlayerInterface2.cpp">
      <Filter>Source Files</Filter>
    </ClCompile>
    <ClCompile Include="CyPlot.cpp">
      <Filter>Source Files</Filter>
    </ClCompile>
    <ClCompile Include="CyPlotInterface1.cpp">
      <Filter>Source Files</Filter>
    </ClCompile>
    <ClCompile Include="CyRandomInterface.cpp">
      <Filter>Source Files</Filter>
    </ClCompile>
    <ClCompile Include="CyReplayInfo.cpp">
      <Filter>Source Files</Filter>
    </ClCompile>
    <ClCompile Include="CySelectionGroup.cpp">
      <Filter>Source Files</Filter>
    </ClCompile>
    <ClCompile Include="CySelectionGroupInterface.cpp">
      <Filter>Source Files</Filter>
    </ClCompile>
    <ClCompile Include="CyStructsInterface1.cpp">
      <Filter>Source Files</Filter>
    </ClCompile>
    <ClCompile Include="CyTeam.cpp">
      <Filter>Source Files</Filter>
    </ClCompile>
    <ClCompile Include="CyTeamInterface.cpp">
      <Filter>Source Files</Filter>
    </ClCompile>
    <ClCompile Include="CyUnit.cpp">
      <Filter>Source Files</Filter>
    </ClCompile>
    <ClCompile Include="CyUnitInterface1.cpp">
      <Filter>Source Files</Filter>
    </ClCompile>
    <ClCompile Include="FAssert.cpp">
      <Filter>Source Files</Filter>
    </ClCompile>
    <ClCompile Include="FDialogTemplate.cpp">
      <Filter>Source Files</Filter>
    </ClCompile>
  </ItemGroup>
  <ItemGroup>
    <ClInclude Include="AI_Defines.h">
      <Filter>Header Files</Filter>
    </ClInclude>
    <ClInclude Include="CvArea.h">
      <Filter>Header Files</Filter>
    </ClInclude>
    <ClInclude Include="CvArtFileMgr.h">
      <Filter>Header Files</Filter>
    </ClInclude>
    <ClInclude Include="CvCity.h">
      <Filter>Header Files</Filter>
    </ClInclude>
    <ClInclude Include="CvCityAI.h">
      <Filter>Header Files</Filter>
    </ClInclude>
    <ClInclude Include="CvDeal.h">
      <Filter>Header Files</Filter>
    </ClInclude>
    <ClInclude Include="CvDefines.h">
      <Filter>Header Files</Filter>
    </ClInclude>
    <ClInclude Include="CvDiploParameters.h">
      <Filter>Header Files</Filter>
    </ClInclude>
    <ClInclude Include="CvDLLButtonPopup.h">
      <Filter>Header Files</Filter>
    </ClInclude>
    <ClInclude Include="CvDLLDataStreamIFaceBase.h">
      <Filter>Header Files</Filter>
    </ClInclude>
    <ClInclude Include="CvDLLEngineIFaceBase.h">
      <Filter>Header Files</Filter>
    </ClInclude>
    <ClInclude Include="CvDLLEntity.h">
      <Filter>Header Files</Filter>
    </ClInclude>
    <ClInclude Include="CvDLLEntityIFaceBase.h">
      <Filter>Header Files</Filter>
    </ClInclude>
    <ClInclude Include="CvDLLEventReporterIFaceBase.h">
      <Filter>Header Files</Filter>
    </ClInclude>
    <ClInclude Include="CvDLLFAStarIFaceBase.h">
      <Filter>Header Files</Filter>
    </ClInclude>
    <ClInclude Include="CvDLLFlagEntityIFaceBase.h">
      <Filter>Header Files</Filter>
    </ClInclude>
    <ClInclude Include="CvDLLIniParserIFaceBase.h">
      <Filter>Header Files</Filter>
    </ClInclude>
    <ClInclude Include="CvDLLInterfaceIFaceBase.h">
      <Filter>Header Files</Filter>
    </ClInclude>
    <ClInclude Include="CvDLLPlotBuilderIFaceBase.h">
      <Filter>Header Files</Filter>
    </ClInclude>
    <ClInclude Include="CvDllPythonEvents.h">
      <Filter>Header Files</Filter>
    </ClInclude>
    <ClInclude Include="CvDLLPythonIFaceBase.h">
      <Filter>Header Files</Filter>
    </ClInclude>
    <ClInclude Include="CvDLLSymbolIFaceBase.h">
      <Filter>Header Files</Filter>
    </ClInclude>
    <ClInclude Include="CvDllTranslator.h">
      <Filter>Header Files</Filter>
    </ClInclude>
    <ClInclude Include="CvDLLUtilityIFaceBase.h">
      <Filter>Header Files</Filter>
    </ClInclude>
    <ClInclude Include="CvDLLWidgetData.h">
      <Filter>Header Files</Filter>
    </ClInclude>
    <ClInclude Include="CvDLLXMLIFaceBase.h">
      <Filter>Header Files</Filter>
    </ClInclude>
    <ClInclude Include="CvEnums.h">
      <Filter>Header Files</Filter>
    </ClInclude>
    <ClInclude Include="CvEventReporter.h">
      <Filter>Header Files</Filter>
    </ClInclude>
    <ClInclude Include="CvFractal.h">
      <Filter>Header Files</Filter>
    </ClInclude>
    <ClInclude Include="CvGame.h">
      <Filter>Header Files</Filter>
    </ClInclude>
    <ClInclude Include="CvGameAI.h">
      <Filter>Header Files</Filter>
    </ClInclude>
    <ClInclude Include="CvGameCoreDLL.h">
      <Filter>Header Files</Filter>
    </ClInclude>
    <ClInclude Include="CvGameCoreDLLDefNew.h">
      <Filter>Header Files</Filter>
    </ClInclude>
    <ClInclude Include="CvGameCoreDLLUndefNew.h">
      <Filter>Header Files</Filter>
    </ClInclude>
    <ClInclude Include="CvGameCoreUtils.h">
      <Filter>Header Files</Filter>
    </ClInclude>
    <ClInclude Include="CvGameTextMgr.h">
      <Filter>Header Files</Filter>
    </ClInclude>
    <ClInclude Include="CvGlobals.h">
      <Filter>Header Files</Filter>
    </ClInclude>
    <ClInclude Include="CvHallOfFameInfo.h">
      <Filter>Header Files</Filter>
    </ClInclude>
    <ClInclude Include="CvInfos.h">
      <Filter>Header Files</Filter>
    </ClInclude>
    <ClInclude Include="CvInfoWater.h">
      <Filter>Header Files</Filter>
    </ClInclude>
    <ClInclude Include="CvInitCore.h">
      <Filter>Header Files</Filter>
    </ClInclude>
    <ClInclude Include="CvMap.h">
      <Filter>Header Files</Filter>
    </ClInclude>
    <ClInclude Include="CvMapGenerator.h">
      <Filter>Header Files</Filter>
    </ClInclude>
    <ClInclude Include="CvMessageControl.h">
      <Filter>Header Files</Filter>
    </ClInclude>
    <ClInclude Include="CvMessageData.h">
      <Filter>Header Files</Filter>
    </ClInclude>
    <ClInclude Include="CvPlayer.h">
      <Filter>Header Files</Filter>
    </ClInclude>
    <ClInclude Include="CvPlayerAI.h">
      <Filter>Header Files</Filter>
    </ClInclude>
    <ClInclude Include="CvPlot.h">
      <Filter>Header Files</Filter>
    </ClInclude>
    <ClInclude Include="CvPlotGroup.h">
      <Filter>Header Files</Filter>
    </ClInclude>
    <ClInclude Include="CvPopupInfo.h">
      <Filter>Header Files</Filter>
    </ClInclude>
    <ClInclude Include="CvPopupReturn.h">
      <Filter>Header Files</Filter>
    </ClInclude>
    <ClInclude Include="CvRandom.h">
      <Filter>Header Files</Filter>
    </ClInclude>
    <ClInclude Include="CvReplayInfo.h">
      <Filter>Header Files</Filter>
    </ClInclude>
    <ClInclude Include="CvReplayMessage.h">
      <Filter>Header Files</Filter>
    </ClInclude>
    <ClInclude Include="CvSelectionGroup.h">
      <Filter>Header Files</Filter>
    </ClInclude>
    <ClInclude Include="CvSelectionGroupAI.h">
      <Filter>Header Files</Filter>
    </ClInclude>
    <ClInclude Include="CvStatistics.h">
      <Filter>Header Files</Filter>
    </ClInclude>
    <ClInclude Include="CvString.h">
      <Filter>Header Files</Filter>
    </ClInclude>
    <ClInclude Include="CvStructs.h">
      <Filter>Header Files</Filter>
    </ClInclude>
    <ClInclude Include="CvTalkingHeadMessage.h">
      <Filter>Header Files</Filter>
    </ClInclude>
    <ClInclude Include="CvTeam.h">
      <Filter>Header Files</Filter>
    </ClInclude>
    <ClInclude Include="CvTeamAI.h">
      <Filter>Header Files</Filter>
    </ClInclude>
    <ClInclude Include="CvUnit.h">
      <Filter>Header Files</Filter>
    </ClInclude>
    <ClInclude Include="CvUnitAI.h">
      <Filter>Header Files</Filter>
    </ClInclude>
    <ClInclude Include="CvXMLLoadUtility.h">
      <Filter>Header Files</Filter>
    </ClInclude>
    <ClInclude Include="CyArea.h">
      <Filter>Header Files</Filter>
    </ClInclude>
    <ClInclude Include="CyArgsList.h">
      <Filter>Header Files</Filter>
    </ClInclude>
    <ClInclude Include="CyArtFileMgr.h">
      <Filter>Header Files</Filter>
    </ClInclude>
    <ClInclude Include="CyCity.h">
      <Filter>Header Files</Filter>
    </ClInclude>
    <ClInclude Include="CyDeal.h">
      <Filter>Header Files</Filter>
    </ClInclude>
    <ClInclude Include="CyGame.h">
      <Filter>Header Files</Filter>
    </ClInclude>
    <ClInclude Include="CyGameCoreUtils.h">
      <Filter>Header Files</Filter>
    </ClInclude>
    <ClInclude Include="CyGameTextMgr.h">
      <Filter>Header Files</Filter>
    </ClInclude>
    <ClInclude Include="CyGlobalContext.h">
      <Filter>Header Files</Filter>
    </ClInclude>
    <ClInclude Include="CyHallOfFameInfo.h">
      <Filter>Header Files</Filter>
    </ClInclude>
    <ClInclude Include="CyMap.h">
      <Filter>Header Files</Filter>
    </ClInclude>
    <ClInclude Include="CyMapGenerator.h">
      <Filter>Header Files</Filter>
    </ClInclude>
    <ClInclude Include="CyMessageControl.h">
      <Filter>Header Files</Filter>
    </ClInclude>
    <ClInclude Include="CyPlayer.h">
      <Filter>Header Files</Filter>
    </ClInclude>
    <ClInclude Include="CyPlot.h">
      <Filter>Header Files</Filter>
    </ClInclude>
    <ClInclude Include="CyReplayInfo.h">
      <Filter>Header Files</Filter>
    </ClInclude>
    <ClInclude Include="CySelectionGroup.h">
      <Filter>Header Files</Filter>
    </ClInclude>
    <ClInclude Include="CyTeam.h">
      <Filter>Header Files</Filter>
    </ClInclude>
    <ClInclude Include="CyUnit.h">
      <Filter>Header Files</Filter>
    </ClInclude>
    <ClInclude Include="FAssert.h">
      <Filter>Header Files</Filter>
    </ClInclude>
    <ClInclude Include="FAStarNode.h">
      <Filter>Header Files</Filter>
    </ClInclude>
    <ClInclude Include="FDataStreamBase.h">
      <Filter>Header Files</Filter>
    </ClInclude>
    <ClInclude Include="FDialogTemplate.h">
      <Filter>Header Files</Filter>
    </ClInclude>
    <ClInclude Include="FFreeListArray.h">
      <Filter>Header Files</Filter>
    </ClInclude>
    <ClInclude Include="FFreeListArrayBase.h">
      <Filter>Header Files</Filter>
    </ClInclude>
    <ClInclude Include="FFreeListTrashArray.h">
      <Filter>Header Files</Filter>
    </ClInclude>
    <ClInclude Include="FInputDevice.h">
      <Filter>Header Files</Filter>
    </ClInclude>
    <ClInclude Include="FProfiler.h">
      <Filter>Header Files</Filter>
    </ClInclude>
    <ClInclude Include="FVariableSystem.h">
      <Filter>Header Files</Filter>
    </ClInclude>
    <ClInclude Include="LinkedList.h">
      <Filter>Header Files</Filter>
    </ClInclude>
    <ClInclude Include="resource.h">
      <Filter>Header Files</Filter>
    </ClInclude>
  </ItemGroup>
  <ItemGroup>
    <None Include="FVariableSystem.inl">
      <Filter>Header Files</Filter>
    </None>
    <None Include="interfaceDirtyBits.inl">
      <Filter>Header Files</Filter>
    </None>
  </ItemGroup>
  <ItemGroup>
    <ResourceCompile Include="CvGameCoreDLL.rc">
      <Filter>Resource Files</Filter>
    </ResourceCompile>
  </ItemGroup>
</Project>