Microsoft Visual Studio Solution File, Format Version 11.00
# Visual C++ Express 2010
Project("{8BC9CEB8-8B4A-11D0-8D11-00A0C91BC942}") = "CvGameCoreDLL", "CvGameCoreDLL.vcxproj", "{EC36E172-1F97-4179-B6A3-A49D59E6D509}"
EndProject
Global
	GlobalSection(SolutionConfigurationPlatforms) = preSolution
		Debug FxsMemory|Win32 = Debug FxsMemory|Win32
		Debug|Win32 = Debug|Win32
		Final Debug|Win32 = Final Debug|Win32
		Final Release|Win32 = Final Release|Win32
		Release FxsMemory|Win32 = Release FxsMemory|Win32
		Release|Win32 = Release|Win32
	EndGlobalSection
	GlobalSection(ProjectConfigurationPlatforms) = postSolution
		{EC36E172-1F97-4179-B6A3-A49D59E6D509}.Debug FxsMemory|Win32.ActiveCfg = Debug|Win32
		{EC36E172-1F97-4179-B6A3-A49D59E6D509}.Debug|Win32.ActiveCfg = Debug|Win32
		{EC36E172-1F97-4179-B6A3-A49D59E6D509}.Final Debug|Win32.ActiveCfg = Debug|Win32
		{EC36E172-1F97-4179-B6A3-A49D59E6D509}.Final Release|Win32.ActiveCfg = Release|Win32
		{EC36E172-1F97-4179-B6A3-A49D59E6D509}.Release FxsMemory|Win32.ActiveCfg = Release|Win32
		{EC36E172-1F97-4179-B6A3-A49D59E6D509}.Release|Win32.ActiveCfg = Release|Win32
	EndGlobalSection
	GlobalSection(SolutionProperties) = preSolution
		HideSolutionNode = FALSE
	EndGlobalSection
EndGlobal
